// !$*UTF8*$!
{
	archiveVersion = 1;
	classes = {
	};
	objectVersion = 46;
	objects = {
		5E618435888B9D49F8540165 = {
			buildActionMask = 2147483647;
			files = (
				);
			isa = PBXShellScriptBuildPhase;
			runOnlyForDeploymentPostprocessing = 0;
			name = "Qt Qmake";
			shellPath = "/bin/sh";
			shellScript = "make -C /Users/deserg/Documents/Programming/christmasDefence/ -f christmasDefence.xcodeproj/qt_makeqmake.mak";
			showEnvVarsInLog = "0";
		};
		EB02DC7C4F30C7B0EE10DF94 = {
			isa = PBXFileReference;
			path = "/Users/deserg/Documents/Programming/christmasDefence/main.cpp";
			name = "main.cpp";
			sourceTree = "<absolute>";
			lastKnownFileType = "sourcecode.cpp.cpp";
		};
		ADBF57C42842F87032BA10DC = {
			fileRef = "EB02DC7C4F30C7B0EE10DF94";
			isa = PBXBuildFile;
			settings = {
				ATTRIBUTES = (
					);
			};
		};
		8E4ED336F2A60A33AE43F606 = {
			isa = PBXFileReference;
			path = "/Users/deserg/Documents/Programming/christmasDefence/mainview.cpp";
			name = "mainview.cpp";
			sourceTree = "<absolute>";
			lastKnownFileType = "sourcecode.cpp.cpp";
		};
		CC7F40DCD98B09586A38425D = {
			fileRef = "8E4ED336F2A60A33AE43F606";
			isa = PBXBuildFile;
			settings = {
				ATTRIBUTES = (
					);
			};
		};
		8226A01D1E7E843B557DEC61 = {
			isa = PBXFileReference;
			path = "/Users/deserg/Documents/Programming/christmasDefence/Bullet/IBullet.cpp";
			name = "IBullet.cpp";
			sourceTree = "<absolute>";
			lastKnownFileType = "sourcecode.cpp.cpp";
		};
		C2AF2ED5795C21EE5DA4AB5E = {
			fileRef = "8226A01D1E7E843B557DEC61";
			isa = PBXBuildFile;
			settings = {
				ATTRIBUTES = (
					);
			};
		};
		3A7C3923D2F17F8F99D469FB = {
			isa = PBXFileReference;
			path = "/Users/deserg/Documents/Programming/christmasDefence/Cannon/BurnCannon.cpp";
			name = "BurnCannon.cpp";
			sourceTree = "<absolute>";
			lastKnownFileType = "sourcecode.cpp.cpp";
		};
		1E14290EB099F2A08AC35419 = {
			fileRef = "3A7C3923D2F17F8F99D469FB";
			isa = PBXBuildFile;
			settings = {
				ATTRIBUTES = (
					);
			};
		};
		A9EE1A0BE02ACA68C0BD8495 = {
			isa = PBXFileReference;
			path = "/Users/deserg/Documents/Programming/christmasDefence/Cannon/ICannon.cpp";
			name = "ICannon.cpp";
			sourceTree = "<absolute>";
			lastKnownFileType = "sourcecode.cpp.cpp";
		};
		995E022DFEAAA0737893CE54 = {
			fileRef = "A9EE1A0BE02ACA68C0BD8495";
			isa = PBXBuildFile;
			settings = {
				ATTRIBUTES = (
					);
			};
		};
		495CB2893F01D1E51D0B841D = {
			isa = PBXFileReference;
			path = "/Users/deserg/Documents/Programming/christmasDefence/Cannon/MonsterCannon.cpp";
			name = "MonsterCannon.cpp";
			sourceTree = "<absolute>";
			lastKnownFileType = "sourcecode.cpp.cpp";
		};
		CA2A874B68F85E252892B17E = {
			fileRef = "495CB2893F01D1E51D0B841D";
			isa = PBXBuildFile;
			settings = {
				ATTRIBUTES = (
					);
			};
		};
		0DD8C1CBBD6104EB66D4262B = {
			isa = PBXFileReference;
			path = "/Users/deserg/Documents/Programming/christmasDefence/Cannon/SlowCannon.cpp";
			name = "SlowCannon.cpp";
			sourceTree = "<absolute>";
			lastKnownFileType = "sourcecode.cpp.cpp";
		};
		174FAFB757E8A07E132C2232 = {
			fileRef = "0DD8C1CBBD6104EB66D4262B";
			isa = PBXBuildFile;
			settings = {
				ATTRIBUTES = (
					);
			};
		};
		4E40EECCB32B49A2BE033B7B = {
			isa = PBXFileReference;
			path = "/Users/deserg/Documents/Programming/christmasDefence/Enemy/IEnemy.cpp";
			name = "IEnemy.cpp";
			sourceTree = "<absolute>";
			lastKnownFileType = "sourcecode.cpp.cpp";
		};
		2658B8E87B1C344B0DFEE381 = {
			fileRef = "4E40EECCB32B49A2BE033B7B";
			isa = PBXBuildFile;
			settings = {
				ATTRIBUTES = (
					);
			};
		};
		1E027DA115A0050938C12BFB = {
			isa = PBXFileReference;
			path = "/Users/deserg/Documents/Programming/christmasDefence/Game/Game.cpp";
			name = "Game.cpp";
			sourceTree = "<absolute>";
			lastKnownFileType = "sourcecode.cpp.cpp";
		};
		3CD86A320C4734750F8FEFAC = {
			fileRef = "1E027DA115A0050938C12BFB";
			isa = PBXBuildFile;
			settings = {
				ATTRIBUTES = (
					);
			};
		};
		8D0DDC550F539742AE6A7787 = {
			isa = PBXFileReference;
			path = "/Users/deserg/Documents/Programming/christmasDefence/Cannon/FastCannon.cpp";
			name = "FastCannon.cpp";
			sourceTree = "<absolute>";
			lastKnownFileType = "sourcecode.cpp.cpp";
		};
		CF2ED16C855DF4551444B398 = {
			fileRef = "8D0DDC550F539742AE6A7787";
			isa = PBXBuildFile;
			settings = {
				ATTRIBUTES = (
					);
			};
		};
		D254600E22703F9286304AA6 = {
			isa = PBXFileReference;
			path = "/Users/deserg/Documents/Programming/christmasDefence/Game/Scene.cpp";
			name = "Scene.cpp";
			sourceTree = "<absolute>";
			lastKnownFileType = "sourcecode.cpp.cpp";
		};
		AABA55379653F4379C206A12 = {
			fileRef = "D254600E22703F9286304AA6";
			isa = PBXBuildFile;
			settings = {
				ATTRIBUTES = (
					);
			};
		};
		0459B299E5B7D2B1ECB6BB97 = {
			isa = PBXFileReference;
			path = "/Users/deserg/Documents/Programming/christmasDefence/Game/Resource.cpp";
			name = "Resource.cpp";
			sourceTree = "<absolute>";
			lastKnownFileType = "sourcecode.cpp.cpp";
		};
		3E3231D81FCFA0D713718810 = {
			fileRef = "0459B299E5B7D2B1ECB6BB97";
			isa = PBXBuildFile;
			settings = {
				ATTRIBUTES = (
					);
			};
		};
		53175B939FBF1386EF3893CF = {
			isa = PBXFileReference;
			path = "/Users/deserg/Documents/Programming/christmasDefence/Game/Helper.cpp";
			name = "Helper.cpp";
			sourceTree = "<absolute>";
			lastKnownFileType = "sourcecode.cpp.cpp";
		};
		B5BC2A14D19ACA0B79FD1712 = {
			fileRef = "53175B939FBF1386EF3893CF";
			isa = PBXBuildFile;
			settings = {
				ATTRIBUTES = (
					);
			};
		};
		E65361AC6C080E0D50B87BF7 = {
			isa = PBXFileReference;
			path = "/Users/deserg/Documents/Programming/christmasDefence/Bullet/FastBullet.cpp";
			name = "FastBullet.cpp";
			sourceTree = "<absolute>";
			lastKnownFileType = "sourcecode.cpp.cpp";
		};
		84A5BFD4AED93E3D9442A1A8 = {
			fileRef = "E65361AC6C080E0D50B87BF7";
			isa = PBXBuildFile;
			settings = {
				ATTRIBUTES = (
					);
			};
		};
		46D63FDCB14CCB74A1425EAB = {
			isa = PBXFileReference;
			path = "/Users/deserg/Documents/Programming/christmasDefence/Enemy/FastEnemy.cpp";
			name = "FastEnemy.cpp";
			sourceTree = "<absolute>";
			lastKnownFileType = "sourcecode.cpp.cpp";
		};
		32F869FB1B5495D1FD37E4CB = {
			fileRef = "46D63FDCB14CCB74A1425EAB";
			isa = PBXBuildFile;
			settings = {
				ATTRIBUTES = (
					);
			};
		};
		B6E7C46375E3A4F4BA0DC95A = {
			isa = PBXFileReference;
			path = "/Users/deserg/Documents/Programming/christmasDefence/Enemy/Movements.cpp";
			name = "Movements.cpp";
			sourceTree = "<absolute>";
			lastKnownFileType = "sourcecode.cpp.cpp";
		};
		B674ED4FF20B0241DFDB28C3 = {
			fileRef = "B6E7C46375E3A4F4BA0DC95A";
			isa = PBXBuildFile;
			settings = {
				ATTRIBUTES = (
					);
			};
		};
		1109F67B7A1E2968A3C52820 = {
			isa = PBXFileReference;
			path = "/Users/deserg/Documents/Programming/christmasDefence/InfoBlock/IInfoBlock.cpp";
			name = "IInfoBlock.cpp";
			sourceTree = "<absolute>";
			lastKnownFileType = "sourcecode.cpp.cpp";
		};
		18AABB563F69FB9B973D9D35 = {
			fileRef = "1109F67B7A1E2968A3C52820";
			isa = PBXBuildFile;
			settings = {
				ATTRIBUTES = (
					);
			};
		};
		3DA5130E3467141A6FF179B4 = {
			isa = PBXFileReference;
			path = "/Users/deserg/Documents/Programming/christmasDefence/InfoBlock/UserInfo.cpp";
			name = "UserInfo.cpp";
			sourceTree = "<absolute>";
			lastKnownFileType = "sourcecode.cpp.cpp";
		};
		34CBC13C966E5AD46128585C = {
			fileRef = "3DA5130E3467141A6FF179B4";
			isa = PBXBuildFile;
			settings = {
				ATTRIBUTES = (
					);
			};
		};
		306D10C7C3106B9193D1F6F8 = {
			isa = PBXFileReference;
			path = "/Users/deserg/Documents/Programming/christmasDefence/InfoBlock/ControlButtons.cpp";
			name = "ControlButtons.cpp";
			sourceTree = "<absolute>";
			lastKnownFileType = "sourcecode.cpp.cpp";
		};
		6D87D75FF2566E5891DBB18F = {
			fileRef = "306D10C7C3106B9193D1F6F8";
			isa = PBXBuildFile;
			settings = {
				ATTRIBUTES = (
					);
			};
		};
		46F45E9EB923F3B5390AE6A4 = {
			isa = PBXFileReference;
			path = "/Users/deserg/Documents/Programming/christmasDefence/InfoBlock/PauseWindow.cpp";
			name = "PauseWindow.cpp";
			sourceTree = "<absolute>";
			lastKnownFileType = "sourcecode.cpp.cpp";
		};
		3106EB71703A3314190D0FB4 = {
			fileRef = "46F45E9EB923F3B5390AE6A4";
			isa = PBXBuildFile;
			settings = {
				ATTRIBUTES = (
					);
			};
		};
		79FACA286B33E02A649E1298 = {
			isa = PBXFileReference;
			path = "/Users/deserg/Documents/Programming/christmasDefence/InfoBlock/CannonSelection.cpp";
			name = "CannonSelection.cpp";
			sourceTree = "<absolute>";
			lastKnownFileType = "sourcecode.cpp.cpp";
		};
		36622106D3EDEFAEB9EFD1A5 = {
			fileRef = "79FACA286B33E02A649E1298";
			isa = PBXBuildFile;
			settings = {
				ATTRIBUTES = (
					);
			};
		};
		37312B3011BDAC1C05C7A381 = {
			isa = PBXFileReference;
			path = "/Users/deserg/Documents/Programming/christmasDefence/Enemy/CHpCurrent.cpp";
			name = "CHpCurrent.cpp";
			sourceTree = "<absolute>";
			lastKnownFileType = "sourcecode.cpp.cpp";
		};
		E00849BBEDF0F39BF6EBFF4A = {
			fileRef = "37312B3011BDAC1C05C7A381";
			isa = PBXBuildFile;
			settings = {
				ATTRIBUTES = (
					);
			};
		};
		C338A479AA7C314B716D1B80 = {
			isa = PBXFileReference;
			path = "/Users/deserg/Documents/Programming/christmasDefence/Enemy/CHpBackground.cpp";
			name = "CHpBackground.cpp";
			sourceTree = "<absolute>";
			lastKnownFileType = "sourcecode.cpp.cpp";
		};
		3FD8FD757BDB5B1655B126AA = {
			fileRef = "C338A479AA7C314B716D1B80";
			isa = PBXBuildFile;
			settings = {
				ATTRIBUTES = (
					);
			};
		};
		2FB1E649DDF741B432235783 = {
			isa = PBXFileReference;
			path = "/Users/deserg/Documents/Programming/christmasDefence/Game/GameObject.cpp";
			name = "GameObject.cpp";
			sourceTree = "<absolute>";
			lastKnownFileType = "sourcecode.cpp.cpp";
		};
		69AF8832C03D029014611BA1 = {
			fileRef = "2FB1E649DDF741B432235783";
			isa = PBXBuildFile;
			settings = {
				ATTRIBUTES = (
					);
			};
		};
		6F4BD0158CAFA457B2A2A763 = {
			isa = PBXFileReference;
			path = "/Users/deserg/Documents/Programming/christmasDefence/Game/Button.cpp";
			name = "Button.cpp";
			sourceTree = "<absolute>";
			lastKnownFileType = "sourcecode.cpp.cpp";
		};
		4700F2C7AEAF3B2D9B51CE3B = {
			fileRef = "6F4BD0158CAFA457B2A2A763";
			isa = PBXBuildFile;
			settings = {
				ATTRIBUTES = (
					);
			};
		};
		A54218A2C332D691C9990AD1 = {
			isa = PBXFileReference;
			path = "/Users/deserg/Documents/Programming/christmasDefence/Wave/Wave.cpp";
			name = "Wave.cpp";
			sourceTree = "<absolute>";
			lastKnownFileType = "sourcecode.cpp.cpp";
		};
		3EFFB4C86A7E88CF101D3CED = {
			fileRef = "A54218A2C332D691C9990AD1";
			isa = PBXBuildFile;
			settings = {
				ATTRIBUTES = (
					);
			};
		};
		949C2599BE7BE270FD381C05 = {
			isa = PBXFileReference;
			path = "/Users/deserg/Documents/Programming/christmasDefence/Wave/WaveManager.cpp";
			name = "WaveManager.cpp";
			sourceTree = "<absolute>";
			lastKnownFileType = "sourcecode.cpp.cpp";
		};
		E42A3BF1D0ECE145457FCD6E = {
			fileRef = "949C2599BE7BE270FD381C05";
			isa = PBXBuildFile;
			settings = {
				ATTRIBUTES = (
					);
			};
		};
		46A3058B21C1B1C8C27BBEB2 = {
			isa = PBXFileReference;
			path = "/Users/deserg/Documents/Programming/christmasDefence/InfoBlock/WaveInfo/WaveInfo.cpp";
			name = "WaveInfo.cpp";
			sourceTree = "<absolute>";
			lastKnownFileType = "sourcecode.cpp.cpp";
		};
		AFB8356E52BA6EFEAFCE2C06 = {
			fileRef = "46A3058B21C1B1C8C27BBEB2";
			isa = PBXBuildFile;
			settings = {
				ATTRIBUTES = (
					);
			};
		};
		EE51A3D60C6B2EB3C401261D = {
			isa = PBXFileReference;
			path = "/Users/deserg/Documents/Programming/christmasDefence/Cannon/CannonRadius.cpp";
			name = "CannonRadius.cpp";
			sourceTree = "<absolute>";
			lastKnownFileType = "sourcecode.cpp.cpp";
		};
		755D801D8811ECB9FE0E5FD2 = {
			fileRef = "EE51A3D60C6B2EB3C401261D";
			isa = PBXBuildFile;
			settings = {
				ATTRIBUTES = (
					);
			};
		};
		9E19FFB67A51AD0442C91DCE = {
			isa = PBXFileReference;
			path = "/Users/deserg/Documents/Programming/christmasDefence/Game/User.cpp";
			name = "User.cpp";
			sourceTree = "<absolute>";
			lastKnownFileType = "sourcecode.cpp.cpp";
		};
		4F0CE9D0C4875E664EC2FD6B = {
			fileRef = "9E19FFB67A51AD0442C91DCE";
			isa = PBXBuildFile;
			settings = {
				ATTRIBUTES = (
					);
			};
		};
		DF609A801A7A5F370EF119C1 = {
			isa = PBXFileReference;
			path = "/Users/deserg/Documents/Programming/christmasDefence/qrc_qresource.cpp";
			name = "qrc_qresource.cpp";
			sourceTree = "<absolute>";
			lastKnownFileType = "sourcecode.cpp.cpp";
		};
		6AE90BA671535A217F99ACE7 = {
			fileRef = "DF609A801A7A5F370EF119C1";
			isa = PBXBuildFile;
			settings = {
				ATTRIBUTES = (
					);
			};
		};
		B53CD602C8D51B641EEF3F79 = {
			isa = PBXFileReference;
			path = "/Users/deserg/Documents/Programming/christmasDefence/moc_mainview.cpp";
			name = "moc_mainview.cpp";
			sourceTree = "<absolute>";
			lastKnownFileType = "sourcecode.cpp.cpp";
		};
		5F6E8864E339FE69CEA6BF5A = {
			fileRef = "B53CD602C8D51B641EEF3F79";
			isa = PBXBuildFile;
			settings = {
				ATTRIBUTES = (
					);
			};
		};
		C199278A7483BB9012127F01 = {
			isa = PBXFileReference;
			path = "/Users/deserg/Documents/Programming/christmasDefence/moc_IBullet.cpp";
			name = "moc_IBullet.cpp";
			sourceTree = "<absolute>";
			lastKnownFileType = "sourcecode.cpp.cpp";
		};
		A1A3A08C32C7FB27F7E183A5 = {
			fileRef = "C199278A7483BB9012127F01";
			isa = PBXBuildFile;
			settings = {
				ATTRIBUTES = (
					);
			};
		};
		879B610734F650D3ED780FA7 = {
			isa = PBXFileReference;
			path = "/Users/deserg/Documents/Programming/christmasDefence/moc_ICannon.cpp";
			name = "moc_ICannon.cpp";
			sourceTree = "<absolute>";
			lastKnownFileType = "sourcecode.cpp.cpp";
		};
		492CC35FABDB3D1557FF27E5 = {
			fileRef = "879B610734F650D3ED780FA7";
			isa = PBXBuildFile;
			settings = {
				ATTRIBUTES = (
					);
			};
		};
		AAAE75DE15F97D460E8909F7 = {
			isa = PBXFileReference;
			path = "/Users/deserg/Documents/Programming/christmasDefence/moc_IEnemy.cpp";
			name = "moc_IEnemy.cpp";
			sourceTree = "<absolute>";
			lastKnownFileType = "sourcecode.cpp.cpp";
		};
		8E292049A39278FAA2A3A0D2 = {
			fileRef = "AAAE75DE15F97D460E8909F7";
			isa = PBXBuildFile;
			settings = {
				ATTRIBUTES = (
					);
			};
		};
		63E6CA832A4C9C7DE64A20CF = {
			isa = PBXFileReference;
			path = "/Users/deserg/Documents/Programming/christmasDefence/moc_Game.cpp";
			name = "moc_Game.cpp";
			sourceTree = "<absolute>";
			lastKnownFileType = "sourcecode.cpp.cpp";
		};
		C29118AF2B75FD175AE619DB = {
			fileRef = "63E6CA832A4C9C7DE64A20CF";
			isa = PBXBuildFile;
			settings = {
				ATTRIBUTES = (
					);
			};
		};
		6CCC28990F2E41CC2494872B = {
			isa = PBXFileReference;
			path = "/Users/deserg/Documents/Programming/christmasDefence/moc_FastEnemy.cpp";
			name = "moc_FastEnemy.cpp";
			sourceTree = "<absolute>";
			lastKnownFileType = "sourcecode.cpp.cpp";
		};
		25F25E9758A8597B86779D10 = {
			fileRef = "6CCC28990F2E41CC2494872B";
			isa = PBXBuildFile;
			settings = {
				ATTRIBUTES = (
					);
			};
		};
		F7CEE076634804CCA22BAFB8 = {
			isa = PBXFileReference;
			path = "/Users/deserg/Documents/Programming/christmasDefence/moc_IInfoBlock.cpp";
			name = "moc_IInfoBlock.cpp";
			sourceTree = "<absolute>";
			lastKnownFileType = "sourcecode.cpp.cpp";
		};
		48D1140F5CFA3ABCFFBE7CB8 = {
			fileRef = "F7CEE076634804CCA22BAFB8";
			isa = PBXBuildFile;
			settings = {
				ATTRIBUTES = (
					);
			};
		};
		2845FC0B32394511EA492B04 = {
			isa = PBXFileReference;
			path = "/Users/deserg/Documents/Programming/christmasDefence/moc_CannonSelection.cpp";
			name = "moc_CannonSelection.cpp";
			sourceTree = "<absolute>";
			lastKnownFileType = "sourcecode.cpp.cpp";
		};
		4752F6E09E615688E70E99D5 = {
			fileRef = "2845FC0B32394511EA492B04";
			isa = PBXBuildFile;
			settings = {
				ATTRIBUTES = (
					);
			};
		};
		B6D6957C84AE1CDD579C6EB0 = {
			isa = PBXFileReference;
			path = "/Users/deserg/Documents/Programming/christmasDefence/moc_CHpCurrent.cpp";
			name = "moc_CHpCurrent.cpp";
			sourceTree = "<absolute>";
			lastKnownFileType = "sourcecode.cpp.cpp";
		};
		5FCD495BEC183807423CFB7B = {
			fileRef = "B6D6957C84AE1CDD579C6EB0";
			isa = PBXBuildFile;
			settings = {
				ATTRIBUTES = (
					);
			};
		};
		81D1256AE786A2421BBE43BB = {
			isa = PBXFileReference;
			path = "/Users/deserg/Documents/Programming/christmasDefence/moc_CHpBackground.cpp";
			name = "moc_CHpBackground.cpp";
			sourceTree = "<absolute>";
			lastKnownFileType = "sourcecode.cpp.cpp";
		};
		7CA76713E19B0F731A1720D2 = {
			fileRef = "81D1256AE786A2421BBE43BB";
			isa = PBXBuildFile;
			settings = {
				ATTRIBUTES = (
					);
			};
		};
		AF218042F1175A96230AA679 = {
			isa = PBXFileReference;
			path = "/Users/deserg/Documents/Programming/christmasDefence/moc_GameObject.cpp";
			name = "moc_GameObject.cpp";
			sourceTree = "<absolute>";
			lastKnownFileType = "sourcecode.cpp.cpp";
		};
		53EFF645CABE7592A5444883 = {
			fileRef = "AF218042F1175A96230AA679";
			isa = PBXBuildFile;
			settings = {
				ATTRIBUTES = (
					);
			};
		};
		444623F8645FBB44AC4CB07B = {
			isa = PBXFileReference;
			path = "/Users/deserg/Documents/Programming/christmasDefence/moc_Button.cpp";
			name = "moc_Button.cpp";
			sourceTree = "<absolute>";
			lastKnownFileType = "sourcecode.cpp.cpp";
		};
		126C16BD069ABECF63FB32E3 = {
			fileRef = "444623F8645FBB44AC4CB07B";
			isa = PBXBuildFile;
			settings = {
				ATTRIBUTES = (
					);
			};
		};
		6C9C34DAE4575AA206FCC95F = {
			isa = PBXFileReference;
			path = "/Users/deserg/Documents/Programming/christmasDefence/moc_CannonRadius.cpp";
			name = "moc_CannonRadius.cpp";
			sourceTree = "<absolute>";
			lastKnownFileType = "sourcecode.cpp.cpp";
		};
		704FB8047FCD5EB3613A25BF = {
			fileRef = "6C9C34DAE4575AA206FCC95F";
			isa = PBXBuildFile;
			settings = {
				ATTRIBUTES = (
					);
			};
		};
		449E196BF614FE45C7D5C1BC = {
			isa = PBXFileReference;
			path = "/Users/deserg/Documents/Programming/christmasDefence/ui_mainview.h";
			name = "ui_mainview.h";
			sourceTree = "<absolute>";
			lastKnownFileType = "sourcecode.c.h";
		};
		845E29697785ACBFDA7E8DD0 = {
			isa = PBXFileReference;
			path = "/Users/deserg/Documents/Programming/christmasDefence/mainview.h";
			name = "mainview.h";
			sourceTree = "<absolute>";
			lastKnownFileType = "sourcecode.c.h";
		};
		BB09A4253F882F70C04A0093 = {
			isa = PBXFileReference;
			path = "/Users/deserg/Documents/Programming/christmasDefence/Bullet/IBullet.h";
			name = "IBullet.h";
			sourceTree = "<absolute>";
			lastKnownFileType = "sourcecode.c.h";
		};
		C8C14FB6032AA4F1B228C464 = {
			isa = PBXFileReference;
			path = "/Users/deserg/Documents/Programming/christmasDefence/Cannon/BurnCannon.h";
			name = "BurnCannon.h";
			sourceTree = "<absolute>";
			lastKnownFileType = "sourcecode.c.h";
		};
		DF330C4ED0F3EE59A4196C47 = {
			isa = PBXFileReference;
			path = "/Users/deserg/Documents/Programming/christmasDefence/Cannon/ICannon.h";
			name = "ICannon.h";
			sourceTree = "<absolute>";
			lastKnownFileType = "sourcecode.c.h";
		};
		B5C7BA92D408F0EFB8A64F13 = {
			isa = PBXFileReference;
			path = "/Users/deserg/Documents/Programming/christmasDefence/Cannon/MonsterCannon.h";
			name = "MonsterCannon.h";
			sourceTree = "<absolute>";
			lastKnownFileType = "sourcecode.c.h";
		};
		6BEC9F2731E871F3A6038621 = {
			isa = PBXFileReference;
			path = "/Users/deserg/Documents/Programming/christmasDefence/Cannon/SlowCannon.h";
			name = "SlowCannon.h";
			sourceTree = "<absolute>";
			lastKnownFileType = "sourcecode.c.h";
		};
		0AAF636F5F07A81AE8EC9B27 = {
			isa = PBXFileReference;
			path = "/Users/deserg/Documents/Programming/christmasDefence/Enemy/IEnemy.h";
			name = "IEnemy.h";
			sourceTree = "<absolute>";
			lastKnownFileType = "sourcecode.c.h";
		};
		9038387A58806233A58DE201 = {
			isa = PBXFileReference;
			path = "/Users/deserg/Documents/Programming/christmasDefence/Game/Game.h";
			name = "Game.h";
			sourceTree = "<absolute>";
			lastKnownFileType = "sourcecode.c.h";
		};
		1251271046C8A2C028CD95C4 = {
			isa = PBXFileReference;
			path = "/Users/deserg/Documents/Programming/christmasDefence/Cannon/FastCannon.h";
			name = "FastCannon.h";
			sourceTree = "<absolute>";
			lastKnownFileType = "sourcecode.c.h";
		};
		E5461DE7ECB203255BAD8D3F = {
			isa = PBXFileReference;
			path = "/Users/deserg/Documents/Programming/christmasDefence/Game/Scene.h";
			name = "Scene.h";
			sourceTree = "<absolute>";
			lastKnownFileType = "sourcecode.c.h";
		};
		C8F1256073998FC706A3ABE8 = {
			isa = PBXFileReference;
			path = "/Users/deserg/Documents/Programming/christmasDefence/Game/Resource.h";
			name = "Resource.h";
			sourceTree = "<absolute>";
			lastKnownFileType = "sourcecode.c.h";
		};
		7E18DA9EB9D7F38E9C8CDC03 = {
			isa = PBXFileReference;
			path = "/Users/deserg/Documents/Programming/christmasDefence/Game/Helper.h";
			name = "Helper.h";
			sourceTree = "<absolute>";
			lastKnownFileType = "sourcecode.c.h";
		};
		4AFDFC1A2BA8F5DD0C7664DB = {
			isa = PBXFileReference;
			path = "/Users/deserg/Documents/Programming/christmasDefence/Bullet/FastBullet.h";
			name = "FastBullet.h";
			sourceTree = "<absolute>";
			lastKnownFileType = "sourcecode.c.h";
		};
		C60C740C39AF0ADAED5E3926 = {
			isa = PBXFileReference;
			path = "/Users/deserg/Documents/Programming/christmasDefence/Enemy/FastEnemy.h";
			name = "FastEnemy.h";
			sourceTree = "<absolute>";
			lastKnownFileType = "sourcecode.c.h";
		};
		18C88D9C67DEF64F5B7DCBC8 = {
			isa = PBXFileReference;
			path = "/Users/deserg/Documents/Programming/christmasDefence/Enemy/Movements.h";
			name = "Movements.h";
			sourceTree = "<absolute>";
			lastKnownFileType = "sourcecode.c.h";
		};
		EF3A8DEB3A3D47CF2FEA9E0C = {
			isa = PBXFileReference;
			path = "/Users/deserg/Documents/Programming/christmasDefence/InfoBlock/IInfoBlock.h";
			name = "IInfoBlock.h";
			sourceTree = "<absolute>";
			lastKnownFileType = "sourcecode.c.h";
		};
		A990F861C6FAA38606FCABAB = {
			isa = PBXFileReference;
			path = "/Users/deserg/Documents/Programming/christmasDefence/InfoBlock/UserInfo.h";
			name = "UserInfo.h";
			sourceTree = "<absolute>";
			lastKnownFileType = "sourcecode.c.h";
		};
		A3279BBDA664F290AB5FF6BA = {
			isa = PBXFileReference;
			path = "/Users/deserg/Documents/Programming/christmasDefence/InfoBlock/WaveInfo.h";
			name = "WaveInfo.h";
			sourceTree = "<absolute>";
			lastKnownFileType = "sourcecode.c.h";
		};
		26FAA495C2D29770B922A6E9 = {
			isa = PBXFileReference;
			path = "/Users/deserg/Documents/Programming/christmasDefence/InfoBlock/ControlButtons.h";
			name = "ControlButtons.h";
			sourceTree = "<absolute>";
			lastKnownFileType = "sourcecode.c.h";
		};
		B13F0E6AA856D2F77B619214 = {
			isa = PBXFileReference;
			path = "/Users/deserg/Documents/Programming/christmasDefence/InfoBlock/PauseWindow.h";
			name = "PauseWindow.h";
			sourceTree = "<absolute>";
			lastKnownFileType = "sourcecode.c.h";
		};
		BB00EE7CC3DF39D9791B1D55 = {
			isa = PBXFileReference;
			path = "/Users/deserg/Documents/Programming/christmasDefence/InfoBlock/CannonSelection.h";
			name = "CannonSelection.h";
			sourceTree = "<absolute>";
			lastKnownFileType = "sourcecode.c.h";
		};
		2A034552CB8C4D3CC3AB7123 = {
			isa = PBXFileReference;
			path = "/Users/deserg/Documents/Programming/christmasDefence/Metrics/Metrics.h";
			name = "Metrics.h";
			sourceTree = "<absolute>";
			lastKnownFileType = "sourcecode.c.h";
		};
		35CD8EC2751349D003BD7FE7 = {
			isa = PBXFileReference;
			path = "/Users/deserg/Documents/Programming/christmasDefence/Metrics/CannonMetrics.h";
			name = "CannonMetrics.h";
			sourceTree = "<absolute>";
			lastKnownFileType = "sourcecode.c.h";
		};
		9C19D8E1BF49985D62859F21 = {
			isa = PBXFileReference;
			path = "/Users/deserg/Documents/Programming/christmasDefence/Metrics/EnemyMetrics.h";
			name = "EnemyMetrics.h";
			sourceTree = "<absolute>";
			lastKnownFileType = "sourcecode.c.h";
		};
		96549228C70F5600E286AC74 = {
			isa = PBXFileReference;
			path = "/Users/deserg/Documents/Programming/christmasDefence/Metrics/BulletMetrics.h";
			name = "BulletMetrics.h";
			sourceTree = "<absolute>";
			lastKnownFileType = "sourcecode.c.h";
		};
		A5ABBA9C3BA31B36077FBA2B = {
			isa = PBXFileReference;
			path = "/Users/deserg/Documents/Programming/christmasDefence/Enemy/CHpCurrent.h";
			name = "CHpCurrent.h";
			sourceTree = "<absolute>";
			lastKnownFileType = "sourcecode.c.h";
		};
		27962952FF64445C14084691 = {
			isa = PBXFileReference;
			path = "/Users/deserg/Documents/Programming/christmasDefence/Enemy/CHpBackground.h";
			name = "CHpBackground.h";
			sourceTree = "<absolute>";
			lastKnownFileType = "sourcecode.c.h";
		};
		CA4D79DACD4F9282E6C51D81 = {
			isa = PBXFileReference;
			path = "/Users/deserg/Documents/Programming/christmasDefence/Game/GameObject.h";
			name = "GameObject.h";
			sourceTree = "<absolute>";
			lastKnownFileType = "sourcecode.c.h";
		};
		602E3A395D388976F90A8A3E = {
			isa = PBXFileReference;
			path = "/Users/deserg/Documents/Programming/christmasDefence/Game/Button.h";
			name = "Button.h";
			sourceTree = "<absolute>";
			lastKnownFileType = "sourcecode.c.h";
		};
		623289FF92106C733D4B471A = {
			isa = PBXFileReference;
			path = "/Users/deserg/Documents/Programming/christmasDefence/Wave/Wave.h";
			name = "Wave.h";
			sourceTree = "<absolute>";
			lastKnownFileType = "sourcecode.c.h";
		};
		EFDB9139A263D8EE2BE58C36 = {
			isa = PBXFileReference;
			path = "/Users/deserg/Documents/Programming/christmasDefence/Wave/WaveManager.h";
			name = "WaveManager.h";
			sourceTree = "<absolute>";
			lastKnownFileType = "sourcecode.c.h";
		};
		D2325D197E3F26337DA88C51 = {
			isa = PBXFileReference;
			path = "/Users/deserg/Documents/Programming/christmasDefence/InfoBlock/WaveInfo/WaveInfo.h";
			name = "WaveInfo.h";
			sourceTree = "<absolute>";
			lastKnownFileType = "sourcecode.c.h";
		};
		42510603A59694C3655A371D = {
			isa = PBXFileReference;
			path = "/Users/deserg/Documents/Programming/christmasDefence/Cannon/CannonRadius.h";
			name = "CannonRadius.h";
			sourceTree = "<absolute>";
			lastKnownFileType = "sourcecode.c.h";
		};
		842C8755CC86A9B3968F1371 = {
			isa = PBXFileReference;
			path = "/Users/deserg/Documents/Programming/christmasDefence/Game/User.h";
			name = "User.h";
			sourceTree = "<absolute>";
			lastKnownFileType = "sourcecode.c.h";
		};
		81C937190B5CFA3DEDE5A5DE = {
			isa = PBXFileReference;
			path = "/Users/deserg/Documents/Programming/christmasDefence/christmasDefence.pro";
			name = "christmasDefence.pro";
			sourceTree = "<absolute>";
			lastKnownFileType = "text";
		};
		6E794F81770BE9B944107C88 = {
			isa = PBXFileReference;
			path = "/Users/deserg/Documents/Programming/christmasDefence/.qmake.stash";
			name = ".qmake.stash";
			sourceTree = "<absolute>";
		};
		980E237C75071626419CF3B5 = {
			isa = PBXFileReference;
			path = "/Users/deserg/Documents/Programming/christmasDefence/qresource.qrc";
			name = "qresource.qrc";
			sourceTree = "<absolute>";
			lastKnownFileType = "text";
		};
		980E237C75071626419CF3B5 = {
			isa = PBXFileReference;
			path = "/Users/deserg/Documents/Programming/christmasDefence/qresource.qrc";
			name = "qresource.qrc";
			sourceTree = "<absolute>";
			lastKnownFileType = "text";
		};
		05619CD5316BC7AD7E083B9E = {
			fileRef = "980E237C75071626419CF3B5";
			isa = PBXBuildFile;
			settings = {
				ATTRIBUTES = (
					);
			};
		};
		58E7F4498F32D23A830B0B52 = {
			isa = PBXFileReference;
			path = "/Users/deserg/Documents/Programming/christmasDefence/mainview.ui";
			name = "mainview.ui";
			sourceTree = "<absolute>";
		};
		5F35032839BD9EAFF44538E0 = {
			fileRef = "58E7F4498F32D23A830B0B52";
			isa = PBXBuildFile;
			settings = {
				ATTRIBUTES = (
					);
			};
		};
		25B08E2869634E9BCBA333A2 = {
			isa = PBXGroup;
			children = (
				"DF609A801A7A5F370EF119C1",
				"B53CD602C8D51B641EEF3F79",
				"C199278A7483BB9012127F01",
				"879B610734F650D3ED780FA7",
				"AAAE75DE15F97D460E8909F7",
				"63E6CA832A4C9C7DE64A20CF",
				"6CCC28990F2E41CC2494872B",
				"F7CEE076634804CCA22BAFB8",
				"2845FC0B32394511EA492B04",
				"B6D6957C84AE1CDD579C6EB0",
				"81D1256AE786A2421BBE43BB",
				"AF218042F1175A96230AA679",
				"444623F8645FBB44AC4CB07B",
				"6C9C34DAE4575AA206FCC95F",
				"449E196BF614FE45C7D5C1BC");
			name = "Generated Sources";
			sourceTree = "<Group>";
		};
		D9AFECEE788D739F843B3904 = {
			isa = PBXGroup;
			children = (
				"8226A01D1E7E843B557DEC61",
				"E65361AC6C080E0D50B87BF7",
				"BB09A4253F882F70C04A0093",
				"4AFDFC1A2BA8F5DD0C7664DB");
			name = "Bullet";
			sourceTree = "<Group>";
		};
		842D020F9A3DEDE0EB9132F3 = {
			isa = PBXGroup;
			children = (
				"3A7C3923D2F17F8F99D469FB",
				"A9EE1A0BE02ACA68C0BD8495",
				"495CB2893F01D1E51D0B841D",
				"0DD8C1CBBD6104EB66D4262B",
				"8D0DDC550F539742AE6A7787",
				"EE51A3D60C6B2EB3C401261D",
				"C8C14FB6032AA4F1B228C464",
				"DF330C4ED0F3EE59A4196C47",
				"B5C7BA92D408F0EFB8A64F13",
				"6BEC9F2731E871F3A6038621",
				"1251271046C8A2C028CD95C4",
				"42510603A59694C3655A371D");
			name = "Cannon";
			sourceTree = "<Group>";
		};
		F15D16FCE19796AD99D52A90 = {
			isa = PBXGroup;
			children = (
				"4E40EECCB32B49A2BE033B7B",
				"46D63FDCB14CCB74A1425EAB",
				"B6E7C46375E3A4F4BA0DC95A",
				"37312B3011BDAC1C05C7A381",
				"C338A479AA7C314B716D1B80",
				"0AAF636F5F07A81AE8EC9B27",
				"C60C740C39AF0ADAED5E3926",
				"18C88D9C67DEF64F5B7DCBC8",
				"A5ABBA9C3BA31B36077FBA2B",
				"27962952FF64445C14084691");
			name = "Enemy";
			sourceTree = "<Group>";
		};
		E12A8D3B8395B78F6E26726A = {
			isa = PBXGroup;
			children = (
				"1E027DA115A0050938C12BFB",
				"D254600E22703F9286304AA6",
				"0459B299E5B7D2B1ECB6BB97",
				"53175B939FBF1386EF3893CF",
				"2FB1E649DDF741B432235783",
				"6F4BD0158CAFA457B2A2A763",
				"9E19FFB67A51AD0442C91DCE",
				"9038387A58806233A58DE201",
				"E5461DE7ECB203255BAD8D3F",
				"C8F1256073998FC706A3ABE8",
				"7E18DA9EB9D7F38E9C8CDC03",
				"CA4D79DACD4F9282E6C51D81",
				"602E3A395D388976F90A8A3E",
				"842C8755CC86A9B3968F1371");
			name = "Game";
			sourceTree = "<Group>";
		};
		2D6BA9DC86FB6E68315E603E = {
			isa = PBXGroup;
			children = (
				"1109F67B7A1E2968A3C52820",
				"3DA5130E3467141A6FF179B4",
				"306D10C7C3106B9193D1F6F8",
				"46F45E9EB923F3B5390AE6A4",
				"79FACA286B33E02A649E1298",
				"A42158272D59EF9707786034",
				"EF3A8DEB3A3D47CF2FEA9E0C",
				"A990F861C6FAA38606FCABAB",
				"A3279BBDA664F290AB5FF6BA",
				"26FAA495C2D29770B922A6E9",
				"B13F0E6AA856D2F77B619214",
				"BB00EE7CC3DF39D9791B1D55");
			name = "InfoBlock";
			sourceTree = "<Group>";
		};
		A42158272D59EF9707786034 = {
			isa = PBXGroup;
			children = (
				"46A3058B21C1B1C8C27BBEB2",
				"D2325D197E3F26337DA88C51");
			name = "WaveInfo";
			sourceTree = "<Group>";
		};
		DAEE3D5075882A5D4AB84CCB = {
			isa = PBXGroup;
			children = (
				"2A034552CB8C4D3CC3AB7123",
				"35CD8EC2751349D003BD7FE7",
				"9C19D8E1BF49985D62859F21",
				"96549228C70F5600E286AC74");
			name = "Metrics";
			sourceTree = "<Group>";
		};
		A2EDF62D4A08FF4BEDAD5323 = {
			isa = PBXGroup;
			children = (
				"A54218A2C332D691C9990AD1",
				"949C2599BE7BE270FD381C05",
				"623289FF92106C733D4B471A",
				"EFDB9139A263D8EE2BE58C36");
			name = "Wave";
			sourceTree = "<Group>";
		};
		87DF60DE337FB58864343E39 = {
			isa = PBXGroup;
			children = (
				"980E237C75071626419CF3B5");
			name = "Resources";
			sourceTree = "<Group>";
		};
		2EB56BE3C2D93CDAB0C52E67 = {
			isa = PBXGroup;
			children = (
				"EB02DC7C4F30C7B0EE10DF94",
				"8E4ED336F2A60A33AE43F606",
				"D9AFECEE788D739F843B3904",
				"842D020F9A3DEDE0EB9132F3",
				"F15D16FCE19796AD99D52A90",
				"E12A8D3B8395B78F6E26726A",
				"2D6BA9DC86FB6E68315E603E",
				"A2EDF62D4A08FF4BEDAD5323",
				"845E29697785ACBFDA7E8DD0",
				"DAEE3D5075882A5D4AB84CCB");
			name = "Sources";
			sourceTree = "<Group>";
		};
		12E908B8A1C3C07C115504F5 = {
			isa = PBXGroup;
			children = (
				"58E7F4498F32D23A830B0B52");
			name = "Sources [uic]";
			sourceTree = "<Group>";
		};
		74B182DB50CB5611B5C1C297 = {
			isa = PBXGroup;
			children = (
				"81C937190B5CFA3DEDE5A5DE",
				"6E794F81770BE9B944107C88",
				"980E237C75071626419CF3B5");
			name = "Supporting Files";
			sourceTree = "<Group>";
		};
		7EF0942E79C014DCEC8976BC = {
			buildActionMask = 2147483647;
			files = (
				);
			isa = PBXShellScriptBuildPhase;
			runOnlyForDeploymentPostprocessing = 0;
			name = "Qt Preprocessors";
			shellPath = "/bin/sh";
			shellScript = "make -C /Users/deserg/Documents/Programming/christmasDefence/ -f christmasDefence.xcodeproj/qt_preprocess.mak";
			showEnvVarsInLog = "0";
		};
		F7E50F631C51CD5B5DC0BC43 = {
			buildActionMask = 2147483647;
			files = (
				"ADBF57C42842F87032BA10DC",
				"CC7F40DCD98B09586A38425D",
				"C2AF2ED5795C21EE5DA4AB5E",
				"1E14290EB099F2A08AC35419",
				"995E022DFEAAA0737893CE54",
				"CA2A874B68F85E252892B17E",
				"174FAFB757E8A07E132C2232",
				"2658B8E87B1C344B0DFEE381",
				"3CD86A320C4734750F8FEFAC",
				"CF2ED16C855DF4551444B398",
				"AABA55379653F4379C206A12",
				"3E3231D81FCFA0D713718810",
				"B5BC2A14D19ACA0B79FD1712",
				"84A5BFD4AED93E3D9442A1A8",
				"32F869FB1B5495D1FD37E4CB",
				"B674ED4FF20B0241DFDB28C3",
				"18AABB563F69FB9B973D9D35",
				"34CBC13C966E5AD46128585C",
				"6D87D75FF2566E5891DBB18F",
				"3106EB71703A3314190D0FB4",
				"36622106D3EDEFAEB9EFD1A5",
				"E00849BBEDF0F39BF6EBFF4A",
				"3FD8FD757BDB5B1655B126AA",
				"69AF8832C03D029014611BA1",
				"4700F2C7AEAF3B2D9B51CE3B",
				"3EFFB4C86A7E88CF101D3CED",
				"E42A3BF1D0ECE145457FCD6E",
				"AFB8356E52BA6EFEAFCE2C06",
				"755D801D8811ECB9FE0E5FD2",
				"4F0CE9D0C4875E664EC2FD6B",
				"6AE90BA671535A217F99ACE7",
				"5F6E8864E339FE69CEA6BF5A",
				"A1A3A08C32C7FB27F7E183A5",
				"492CC35FABDB3D1557FF27E5",
				"8E292049A39278FAA2A3A0D2",
				"C29118AF2B75FD175AE619DB",
				"25F25E9758A8597B86779D10",
				"48D1140F5CFA3ABCFFBE7CB8",
				"4752F6E09E615688E70E99D5",
				"5FCD495BEC183807423CFB7B",
				"7CA76713E19B0F731A1720D2",
				"53EFF645CABE7592A5444883",
				"126C16BD069ABECF63FB32E3",
				"704FB8047FCD5EB3613A25BF");
			isa = PBXSourcesBuildPhase;
			runOnlyForDeploymentPostprocessing = 0;
			name = "Compile Sources";
		};
		7D16BA11989B7C02A8B7E686 = {
			isa = PBXFileReference;
			name = "Qt5OpenGL";
			path = "/Users/deserg/anaconda2/lib/libQt5OpenGL$(QT_LIBRARY_SUFFIX).5.6.0.dylib";
			refType = 0;
			sourceTree = "<absolute>";
		};
		11791E50D9714B1634019963 = {
			fileRef = "7D16BA11989B7C02A8B7E686";
			isa = PBXBuildFile;
			settings = {
			};
		};
		4E0C5D908CFF7728DB543C4A = {
			isa = PBXFileReference;
			name = "Qt5Widgets";
			path = "/Users/deserg/anaconda2/lib/libQt5Widgets$(QT_LIBRARY_SUFFIX).5.6.0.dylib";
			refType = 0;
			sourceTree = "<absolute>";
		};
		B3A211B6FE33319F1D497E3D = {
			fileRef = "4E0C5D908CFF7728DB543C4A";
			isa = PBXBuildFile;
			settings = {
			};
		};
		77112D26E0A48CDC0F96F05A = {
			isa = PBXFileReference;
			name = "Qt5Gui";
			path = "/Users/deserg/anaconda2/lib/libQt5Gui$(QT_LIBRARY_SUFFIX).5.6.0.dylib";
			refType = 0;
			sourceTree = "<absolute>";
		};
		392ECA7298256AED6C9BCC2C = {
			fileRef = "77112D26E0A48CDC0F96F05A";
			isa = PBXBuildFile;
			settings = {
			};
		};
		54ACE531A83CE146A73B37A1 = {
			isa = PBXFileReference;
			name = "Qt5Core";
			path = "/Users/deserg/anaconda2/lib/libQt5Core$(QT_LIBRARY_SUFFIX).5.6.0.dylib";
			refType = 0;
			sourceTree = "<absolute>";
		};
		A6CCFE76F2AB2FA14AA95762 = {
			fileRef = "54ACE531A83CE146A73B37A1";
			isa = PBXBuildFile;
			settings = {
			};
		};
		D4B32C2222F82AC56BADEB21 = {
			isa = PBXFileReference;
			name = "OpenGL.framework";
			path = "/System/Library/Frameworks/OpenGL.framework";
			refType = 0;
			sourceTree = "<absolute>";
			lastKnownFileType = "wrapper.framework";
		};
		8771A8C96E9C391044035D99 = {
			fileRef = "D4B32C2222F82AC56BADEB21";
			isa = PBXBuildFile;
			settings = {
			};
		};
		8D9815BDB5BD9F90D2BC05C5 = {
			isa = PBXFileReference;
			name = "AGL.framework";
			path = "/System/Library/Frameworks/AGL.framework";
			refType = 0;
			sourceTree = "<absolute>";
			lastKnownFileType = "wrapper.framework";
		};
		E45E51A644D5FC9F942ECE55 = {
			fileRef = "8D9815BDB5BD9F90D2BC05C5";
			isa = PBXBuildFile;
			settings = {
			};
		};
		AF39DD055C3EF8226FBE929D = {
			children = (
				"7D16BA11989B7C02A8B7E686",
				"4E0C5D908CFF7728DB543C4A",
				"77112D26E0A48CDC0F96F05A",
				"54ACE531A83CE146A73B37A1",
				"D4B32C2222F82AC56BADEB21",
				"8D9815BDB5BD9F90D2BC05C5");
			isa = PBXGroup;
			name = "Frameworks";
			sourceTree = "<Group>";
		};
		D1C883685E82D5676953459A = {
			buildActionMask = 2147483647;
			files = (
				"11791E50D9714B1634019963",
				"B3A211B6FE33319F1D497E3D",
				"392ECA7298256AED6C9BCC2C",
				"A6CCFE76F2AB2FA14AA95762",
				"8771A8C96E9C391044035D99",
				"E45E51A644D5FC9F942ECE55");
			isa = PBXFrameworksBuildPhase;
			runOnlyForDeploymentPostprocessing = 0;
			name = "Link Binary With Libraries";
		};
		30414803F31797EB689AE508 = {
			buildActionMask = 2147483647;
			files = (
				);
			isa = PBXResourcesBuildPhase;
			runOnlyForDeploymentPostprocessing = 0;
			name = "Copy Bundle Resources";
		};
		4EBF56C6957588ABF8059841 = {
			isa = PBXFileReference;
			includeInIndex = 0;
			explicitFileType = "wrapper.application";
			path = "christmasDefence.app";
			sourceTree = BUILT_PRODUCTS_DIR;
		};
		FE0A091FDBFB3E9C31B7A1BD = {
			children = (
				"4EBF56C6957588ABF8059841");
			isa = PBXGroup;
			name = "Products";
			sourceTree = "<Group>";
		};
		E8C543AB96796ECAA2E65C57 = {
			children = (
				"2EB56BE3C2D93CDAB0C52E67",
				"25B08E2869634E9BCBA333A2",
				"74B182DB50CB5611B5C1C297",
				"87DF60DE337FB58864343E39",
				"12E908B8A1C3C07C115504F5",
				"AF39DD055C3EF8226FBE929D",
				"FE0A091FDBFB3E9C31B7A1BD");
			isa = PBXGroup;
			name = "christmasDefence";
			sourceTree = "<Group>";
		};
		ADCB617470EB163D57FFD7A0 = {
			buildPhases = (
				"5E618435888B9D49F8540165",
				"7EF0942E79C014DCEC8976BC");
			dependencies = (
				);
			buildConfigurationList = 6CC3B5D2136C7CD6A5CF5A59;
			isa = PBXAggregateTarget;
			buildRules = (
);
			productName = "Qt Preprocess";
			name = "Qt Preprocess";
		};
		9474AE0D8B62ABF1A7F8CCB4 = {
			isa = PBXTargetDependency;
			target = "ADCB617470EB163D57FFD7A0";
		};
		65577CA5CCCFB49157EAFAB0 = {
			buildPhases = (
				"F7E50F631C51CD5B5DC0BC43",
				"D1C883685E82D5676953459A",
				"30414803F31797EB689AE508");
			dependencies = (
				"9474AE0D8B62ABF1A7F8CCB4");
			productReference = "4EBF56C6957588ABF8059841";
			buildConfigurationList = 6CC3B5D2136C7CD6A5CF5A59;
			isa = PBXNativeTarget;
			buildRules = (
);
			productType = "com.apple.product-type.application";
			name = "christmasDefence";
			productName = "christmasDefence";
		};
		3AA6C32AC930069E80220CF1 = {
			isa = XCBuildConfiguration;
			buildSettings = {
				COPY_PHASE_STRIP = "NO";
				ENABLE_BITCODE = "NO";
				GCC_GENERATE_DEBUGGING_SYMBOLS = "YES";
				GCC_OPTIMIZATION_LEVEL = "0";
				PRODUCT_NAME = "christmasDefence";
				QT_LIBRARY_SUFFIX = "";
				SDKROOT = "macosx";
				GCC_VERSION = com.apple.compilers.llvm.clang.1_0;
				CC = "/Applications/Xcode.app/Contents/Developer/Toolchains/XcodeDefault.xctoolchain/usr/bin/clang";
				LDPLUSPLUS = "/Applications/Xcode.app/Contents/Developer/Toolchains/XcodeDefault.xctoolchain/usr/bin/clang++";
				INFOPLIST_FILE = "Info.plist";
				SYMROOT = "/Users/deserg/Documents/Programming/christmasDefence/";
				DYLIB_CURRENT_VERSION = "1.0.0";
				DYLIB_COMPATIBILITY_VERSION = "1.0";
				MACOSX_DEPLOYMENT_TARGET = "10.7";
				HEADER_SEARCH_PATHS = (
					".",
					"../../../anaconda2/include/qt",
					"../../../anaconda2/include/qt/QtOpenGL",
					"../../../anaconda2/include/qt/QtWidgets",
					"../../../anaconda2/include/qt/QtGui",
					"../../../anaconda2/include/qt/QtCore",
					".",
					"/Applications/Xcode.app/Contents/Developer/Platforms/MacOSX.platform/Developer/SDKs/MacOSX10.12.sdk/System/Library/Frameworks/OpenGL.framework/Headers",
					"/Applications/Xcode.app/Contents/Developer/Platforms/MacOSX.platform/Developer/SDKs/MacOSX10.12.sdk/System/Library/Frameworks/AGL.framework/Headers",
					".",
					"../../../anaconda2/mkspecs/macx-clang");
				LIBRARY_SEARCH_PATHS = (
					"/Users/deserg/anaconda2/lib",
					"/System/Library/Frameworks/");
				FRAMEWORK_SEARCH_PATHS = "";
				OTHER_CFLAGS = (
					"-pipe",
					"-O2",
					"-Wall",
					"-W",
					"-fPIC",
					"-DQT_NO_DEBUG",
					"-DQT_OPENGL_LIB",
					"-DQT_WIDGETS_LIB",
					"-DQT_GUI_LIB",
					"-DQT_CORE_LIB");
				OTHER_CPLUSPLUSFLAGS = (
					"-pipe",
					"-stdlib=libc++",
					"-O2",
					"-std=gnu++11",
					"-Wall",
					"-W",
					"-fPIC",
					"-DQT_NO_DEBUG",
					"-DQT_OPENGL_LIB",
					"-DQT_WIDGETS_LIB",
					"-DQT_GUI_LIB",
					"-DQT_CORE_LIB");
				OTHER_LDFLAGS = (
						"-headerpad_max_install_names",
						"-stdlib=libc++",
						"-Wl,-rpath,/Users/deserg/anaconda2/lib",
						"-L/Users/deserg/anaconda2/lib");
				ARCHS = "x86_64";
			};
			name = "Debug";
		};
		77418F46922677BB04ED38DD = {
			isa = XCBuildConfiguration;
			buildSettings = {
				COPY_PHASE_STRIP = "NO";
				ENABLE_BITCODE = "NO";
				GCC_GENERATE_DEBUGGING_SYMBOLS = "YES";
				GCC_OPTIMIZATION_LEVEL = "0";
				PRODUCT_NAME = "christmasDefence";
				QT_LIBRARY_SUFFIX = "";
				SDKROOT = "macosx";
				PRODUCT_NAME = "christmasDefence";
			};
			name = "Debug";
		};
		339EE1B2CC4FC24589A0EA95 = {
			isa = XCBuildConfiguration;
			buildSettings = {
				COPY_PHASE_STRIP = "YES";
				ENABLE_BITCODE = "NO";
				GCC_GENERATE_DEBUGGING_SYMBOLS = "NO";
				PRODUCT_NAME = "christmasDefence";
				QT_LIBRARY_SUFFIX = "";
				SDKROOT = "macosx";
				GCC_VERSION = com.apple.compilers.llvm.clang.1_0;
				CC = "/Applications/Xcode.app/Contents/Developer/Toolchains/XcodeDefault.xctoolchain/usr/bin/clang";
				LDPLUSPLUS = "/Applications/Xcode.app/Contents/Developer/Toolchains/XcodeDefault.xctoolchain/usr/bin/clang++";
				INFOPLIST_FILE = "Info.plist";
				SYMROOT = "/Users/deserg/Documents/Programming/christmasDefence/";
				DYLIB_CURRENT_VERSION = "1.0.0";
				DYLIB_COMPATIBILITY_VERSION = "1.0";
				MACOSX_DEPLOYMENT_TARGET = "10.7";
				HEADER_SEARCH_PATHS = (
					".",
					"../../../anaconda2/include/qt",
					"../../../anaconda2/include/qt/QtOpenGL",
					"../../../anaconda2/include/qt/QtWidgets",
					"../../../anaconda2/include/qt/QtGui",
					"../../../anaconda2/include/qt/QtCore",
					".",
					"/Applications/Xcode.app/Contents/Developer/Platforms/MacOSX.platform/Developer/SDKs/MacOSX10.12.sdk/System/Library/Frameworks/OpenGL.framework/Headers",
					"/Applications/Xcode.app/Contents/Developer/Platforms/MacOSX.platform/Developer/SDKs/MacOSX10.12.sdk/System/Library/Frameworks/AGL.framework/Headers",
					".",
					"../../../anaconda2/mkspecs/macx-clang");
				LIBRARY_SEARCH_PATHS = (
					"/Users/deserg/anaconda2/lib",
					"/System/Library/Frameworks/");
				FRAMEWORK_SEARCH_PATHS = "";
				OTHER_CFLAGS = (
					"-pipe",
					"-O2",
					"-Wall",
					"-W",
					"-fPIC",
					"-DQT_NO_DEBUG",
					"-DQT_OPENGL_LIB",
					"-DQT_WIDGETS_LIB",
					"-DQT_GUI_LIB",
					"-DQT_CORE_LIB");
				OTHER_CPLUSPLUSFLAGS = (
					"-pipe",
					"-stdlib=libc++",
					"-O2",
					"-std=gnu++11",
					"-Wall",
					"-W",
					"-fPIC",
					"-DQT_NO_DEBUG",
					"-DQT_OPENGL_LIB",
					"-DQT_WIDGETS_LIB",
					"-DQT_GUI_LIB",
					"-DQT_CORE_LIB");
				OTHER_LDFLAGS = (
						"-headerpad_max_install_names",
						"-stdlib=libc++",
						"-Wl,-rpath,/Users/deserg/anaconda2/lib",
						"-L/Users/deserg/anaconda2/lib");
				ARCHS = "x86_64";
			};
			name = "Release";
		};
		6666AA5E688052234F6758D8 = {
			isa = XCBuildConfiguration;
			buildSettings = {
				COPY_PHASE_STRIP = "YES";
				ENABLE_BITCODE = "NO";
				GCC_GENERATE_DEBUGGING_SYMBOLS = "NO";
				PRODUCT_NAME = "christmasDefence";
				QT_LIBRARY_SUFFIX = "";
				SDKROOT = "macosx";
				PRODUCT_NAME = "christmasDefence";
			};
			name = "Release";
		};
		DAC4C1AA5EDEA1C85E9CA5E6 = {
			isa = XCConfigurationList;
			buildConfigurations = (
				"3AA6C32AC930069E80220CF1",
				"339EE1B2CC4FC24589A0EA95");
			defaultConfigurationIsVisible = 0;
			defaultConfigurationName = "Release";
		};
		6CC3B5D2136C7CD6A5CF5A59 = {
			isa = XCConfigurationList;
			buildConfigurations = (
				"77418F46922677BB04ED38DD",
				"6666AA5E688052234F6758D8");
			defaultConfigurationIsVisible = 0;
			defaultConfigurationName = "Release";
		};
		6DB9C3763D02B1415CD9D565 = {
			hasScannedForEncodings = 1;
			compatibilityVersion = "Xcode 3.2";
			isa = PBXProject;
			mainGroup = "E8C543AB96796ECAA2E65C57";
			productRefGroup = "FE0A091FDBFB3E9C31B7A1BD";
			buildConfigurationList = "DAC4C1AA5EDEA1C85E9CA5E6";
			projectDirPath = "";
			projectRoot = "";
			targets = (
				"65577CA5CCCFB49157EAFAB0",
				"ADCB617470EB163D57FFD7A0");
			attributes = {
				TargetAttributes = {
				};
			};
		};
	};
	rootObject = "6DB9C3763D02B1415CD9D565";
}
